
Microsoft Visual Studio Solution File, Format Version 12.00
# Visual Studio Version 17
VisualStudioVersion = 17.8.34309.116
MinimumVisualStudioVersion = 10.0.40219.1
Project("{FAE04EC0-301F-11D3-BF4B-00C04F79EFBC}") = "LienXoChongUS", "LienXoChongUS\LienXoChongUS.csproj", "{B509201B-5D63-49A2-B39B-3CB42FFB322A}"
EndProject
Global
	GlobalSection(SolutionConfigurationPlatforms) = preSolution
		Debug|Any CPU = Debug|Any CPU
		Release|Any CPU = Release|Any CPU
	EndGlobalSection
	GlobalSection(ProjectConfigurationPlatforms) = postSolution
		{B509201B-5D63-49A2-B39B-3CB42FFB322A}.Debug|Any CPU.ActiveCfg = Debug|Any CPU
		{B509201B-5D63-49A2-B39B-3CB42FFB322A}.Debug|Any CPU.Build.0 = Debug|Any CPU
		{B509201B-5D63-49A2-B39B-3CB42FFB322A}.Release|Any CPU.ActiveCfg = Release|Any CPU
		{B509201B-5D63-49A2-B39B-3CB42FFB322A}.Release|Any CPU.Build.0 = Release|Any CPU
	EndGlobalSection
	GlobalSection(SolutionProperties) = preSolution
		HideSolutionNode = FALSE
	EndGlobalSection
	GlobalSection(ExtensibilityGlobals) = postSolution
		SolutionGuid = {344FF230-A69F-4BC7-B17A-FD76F6012214}
	EndGlobalSection
EndGlobal
